{
  "name": "@qualitywatcher/wdio-reporter",
  "version": "1.0.11",
  "lockfileVersion": 2,
  "requires": true,
  "packages": {
    "": {
      "name": "@qualitywatcher/wdio-reporter",
      "version": "1.0.11",
      "license": "ISC",
      "dependencies": {
        "@wdio/reporter": "^8.32.2"
      },
      "devDependencies": {
        "@types/node": "^17.0.25",
        "typescript": "^4.6.3"
      }
    },
    "node_modules/@types/node": {
      "version": "17.0.25",
      "resolved": "https://registry.npmjs.org/@types/node/-/node-17.0.25.tgz",
      "integrity": "sha512-wANk6fBrUwdpY4isjWrKTufkrXdu1D2YHCot2fD/DfWxF5sMrVSA+KN7ydckvaTCh0HiqX9IVl0L5/ZoXg5M7w==",
      "dev": true
    },
    "node_modules/@wdio/logger": {
      "version": "8.28.0",
      "resolved": "https://registry.npmjs.org/@wdio/logger/-/logger-8.28.0.tgz",
      "integrity": "sha512-/s6zNCqwy1hoc+K4SJypis0Ud0dlJ+urOelJFO1x0G0rwDRWyFiUP6ijTaCcFxAm29jYEcEPWijl2xkVIHwOyA==",
      "dependencies": {
        "chalk": "^5.1.2",
        "loglevel": "^1.6.0",
        "loglevel-plugin-prefix": "^0.8.4",
        "strip-ansi": "^7.1.0"
      },
      "engines": {
        "node": "^16.13 || >=18"
      }
    },
    "node_modules/@wdio/reporter": {
      "version": "8.32.2",
      "resolved": "https://registry.npmjs.org/@wdio/reporter/-/reporter-8.32.2.tgz",
      "integrity": "sha512-BZdReAFfRCtgtYbyhkKgSGqqoIn/yG5/Z4COjvRvon9NJkz+eA4PiHCKdEP7+ekBIjud7H8Gy+6mPBDEu+wllw==",
      "dependencies": {
        "@types/node": "^20.1.0",
        "@wdio/logger": "8.28.0",
        "@wdio/types": "8.32.2",
        "diff": "^5.0.0",
        "object-inspect": "^1.12.0"
      },
      "engines": {
        "node": "^16.13 || >=18"
      }
    },
    "node_modules/@wdio/reporter/node_modules/@types/node": {
      "version": "20.11.22",
      "resolved": "https://registry.npmjs.org/@types/node/-/node-20.11.22.tgz",
      "integrity": "sha512-/G+IxWxma6V3E+pqK1tSl2Fo1kl41pK1yeCyDsgkF9WlVAme4j5ISYM2zR11bgLFJGLN5sVK40T4RJNuiZbEjA==",
      "dependencies": {
        "undici-types": "~5.26.4"
      }
    },
    "node_modules/@wdio/types": {
      "version": "8.32.2",
      "resolved": "https://registry.npmjs.org/@wdio/types/-/types-8.32.2.tgz",
      "integrity": "sha512-jq8LcBBQpBP9ZF5kECKEpXv8hN7irCGCjLFAN0Bd5ScRR6qu6MGWvwkDkau2sFPr0b++sKDCEaMzQlwrGFjZXg==",
      "dependencies": {
        "@types/node": "^20.1.0"
      },
      "engines": {
        "node": "^16.13 || >=18"
      }
    },
    "node_modules/@wdio/types/node_modules/@types/node": {
      "version": "20.11.22",
      "resolved": "https://registry.npmjs.org/@types/node/-/node-20.11.22.tgz",
      "integrity": "sha512-/G+IxWxma6V3E+pqK1tSl2Fo1kl41pK1yeCyDsgkF9WlVAme4j5ISYM2zR11bgLFJGLN5sVK40T4RJNuiZbEjA==",
      "dependencies": {
        "undici-types": "~5.26.4"
      }
    },
    "node_modules/ansi-regex": {
      "version": "6.0.1",
      "resolved": "https://registry.npmjs.org/ansi-regex/-/ansi-regex-6.0.1.tgz",
      "integrity": "sha512-n5M855fKb2SsfMIiFFoVrABHJC8QtHwVx+mHWP3QcEqBHYienj5dHSgjbxtC0WEZXYt4wcD6zrQElDPhFuZgfA==",
      "engines": {
        "node": ">=12"
      },
      "funding": {
        "url": "https://github.com/chalk/ansi-regex?sponsor=1"
      }
    },
    "node_modules/chalk": {
      "version": "5.3.0",
      "resolved": "https://registry.npmjs.org/chalk/-/chalk-5.3.0.tgz",
      "integrity": "sha512-dLitG79d+GV1Nb/VYcCDFivJeK1hiukt9QjRNVOsUtTy1rR1YJsmpGGTZ3qJos+uw7WmWF4wUwBd9jxjocFC2w==",
      "engines": {
        "node": "^12.17.0 || ^14.13 || >=16.0.0"
      },
      "funding": {
        "url": "https://github.com/chalk/chalk?sponsor=1"
      }
    },
    "node_modules/diff": {
      "version": "5.0.0",
      "resolved": "https://registry.npmjs.org/diff/-/diff-5.0.0.tgz",
      "integrity": "sha512-/VTCrvm5Z0JGty/BWHljh+BAiw3IK+2j87NGMu8Nwc/f48WoDAC395uomO9ZD117ZOBaHmkX1oyLvkVM/aIT3w==",
      "engines": {
        "node": ">=0.3.1"
      }
    },
    "node_modules/loglevel": {
      "version": "1.9.1",
      "resolved": "https://registry.npmjs.org/loglevel/-/loglevel-1.9.1.tgz",
      "integrity": "sha512-hP3I3kCrDIMuRwAwHltphhDM1r8i55H33GgqjXbrisuJhF4kRhW1dNuxsRklp4bXl8DSdLaNLuiL4A/LWRfxvg==",
      "engines": {
        "node": ">= 0.6.0"
      },
      "funding": {
        "type": "tidelift",
        "url": "https://tidelift.com/funding/github/npm/loglevel"
      }
    },
    "node_modules/loglevel-plugin-prefix": {
      "version": "0.8.4",
      "resolved": "https://registry.npmjs.org/loglevel-plugin-prefix/-/loglevel-plugin-prefix-0.8.4.tgz",
      "integrity": "sha512-WpG9CcFAOjz/FtNht+QJeGpvVl/cdR6P0z6OcXSkr8wFJOsV2GRj2j10JLfjuA4aYkcKCNIEqRGCyTife9R8/g=="
    },
    "node_modules/object-inspect": {
      "version": "1.13.1",
      "resolved": "https://registry.npmjs.org/object-inspect/-/object-inspect-1.13.1.tgz",
      "integrity": "sha512-5qoj1RUiKOMsCCNLV1CBiPYE10sziTsnmNxkAI/rZhiD63CF7IqdFGC/XzjWjpSgLf0LxXX3bDFIh0E18f6UhQ==",
      "funding": {
        "url": "https://github.com/sponsors/ljharb"
      }
    },
    "node_modules/strip-ansi": {
      "version": "7.1.0",
      "resolved": "https://registry.npmjs.org/strip-ansi/-/strip-ansi-7.1.0.tgz",
      "integrity": "sha512-iq6eVVI64nQQTRYq2KtEg2d2uU7LElhTJwsH4YzIHZshxlgZms/wIc4VoDQTlG/IvVIrBKG06CrZnp0qv7hkcQ==",
      "dependencies": {
        "ansi-regex": "^6.0.1"
      },
      "engines": {
        "node": ">=12"
      },
      "funding": {
        "url": "https://github.com/chalk/strip-ansi?sponsor=1"
      }
    },
    "node_modules/typescript": {
      "version": "4.6.3",
      "resolved": "https://registry.npmjs.org/typescript/-/typescript-4.6.3.tgz",
      "integrity": "sha512-yNIatDa5iaofVozS/uQJEl3JRWLKKGJKh6Yaiv0GLGSuhpFJe7P3SbHZ8/yjAHRQwKRoA6YZqlfjXWmVzoVSMw==",
      "dev": true,
      "bin": {
        "tsc": "bin/tsc",
        "tsserver": "bin/tsserver"
      },
      "engines": {
        "node": ">=4.2.0"
      }
    },
    "node_modules/undici-types": {
      "version": "5.26.5",
      "resolved": "https://registry.npmjs.org/undici-types/-/undici-types-5.26.5.tgz",
      "integrity": "sha512-JlCMO+ehdEIKqlFxk6IfVoAUVmgz7cU7zD/h9XZ0qzeosSHmUJVOzSQvvYSYWXkFXC+IfLKSIffhv0sVZup6pA=="
    }
  },
  "dependencies": {
    "@types/node": {
      "version": "17.0.25",
      "resolved": "https://registry.npmjs.org/@types/node/-/node-17.0.25.tgz",
      "integrity": "sha512-wANk6fBrUwdpY4isjWrKTufkrXdu1D2YHCot2fD/DfWxF5sMrVSA+KN7ydckvaTCh0HiqX9IVl0L5/ZoXg5M7w==",
      "dev": true
    },
    "@wdio/logger": {
      "version": "8.28.0",
      "resolved": "https://registry.npmjs.org/@wdio/logger/-/logger-8.28.0.tgz",
      "integrity": "sha512-/s6zNCqwy1hoc+K4SJypis0Ud0dlJ+urOelJFO1x0G0rwDRWyFiUP6ijTaCcFxAm29jYEcEPWijl2xkVIHwOyA==",
      "requires": {
        "chalk": "^5.1.2",
        "loglevel": "^1.6.0",
        "loglevel-plugin-prefix": "^0.8.4",
        "strip-ansi": "^7.1.0"
      }
    },
    "@wdio/reporter": {
      "version": "8.32.2",
      "resolved": "https://registry.npmjs.org/@wdio/reporter/-/reporter-8.32.2.tgz",
      "integrity": "sha512-BZdReAFfRCtgtYbyhkKgSGqqoIn/yG5/Z4COjvRvon9NJkz+eA4PiHCKdEP7+ekBIjud7H8Gy+6mPBDEu+wllw==",
      "requires": {
        "@types/node": "^20.1.0",
        "@wdio/logger": "8.28.0",
        "@wdio/types": "8.32.2",
        "diff": "^5.0.0",
        "object-inspect": "^1.12.0"
      },
      "dependencies": {
        "@types/node": {
          "version": "20.11.22",
          "resolved": "https://registry.npmjs.org/@types/node/-/node-20.11.22.tgz",
          "integrity": "sha512-/G+IxWxma6V3E+pqK1tSl2Fo1kl41pK1yeCyDsgkF9WlVAme4j5ISYM2zR11bgLFJGLN5sVK40T4RJNuiZbEjA==",
          "requires": {
            "undici-types": "~5.26.4"
          }
        }
      }
    },
    "@wdio/types": {
      "version": "8.32.2",
      "resolved": "https://registry.npmjs.org/@wdio/types/-/types-8.32.2.tgz",
      "integrity": "sha512-jq8LcBBQpBP9ZF5kECKEpXv8hN7irCGCjLFAN0Bd5ScRR6qu6MGWvwkDkau2sFPr0b++sKDCEaMzQlwrGFjZXg==",
      "requires": {
        "@types/node": "^20.1.0"
      },
      "dependencies": {
        "@types/node": {
          "version": "20.11.22",
          "resolved": "https://registry.npmjs.org/@types/node/-/node-20.11.22.tgz",
          "integrity": "sha512-/G+IxWxma6V3E+pqK1tSl2Fo1kl41pK1yeCyDsgkF9WlVAme4j5ISYM2zR11bgLFJGLN5sVK40T4RJNuiZbEjA==",
          "requires": {
            "undici-types": "~5.26.4"
          }
        }
      }
    },
    "ansi-regex": {
      "version": "6.0.1",
      "resolved": "https://registry.npmjs.org/ansi-regex/-/ansi-regex-6.0.1.tgz",
      "integrity": "sha512-n5M855fKb2SsfMIiFFoVrABHJC8QtHwVx+mHWP3QcEqBHYienj5dHSgjbxtC0WEZXYt4wcD6zrQElDPhFuZgfA=="
    },
    "chalk": {
      "version": "5.3.0",
      "resolved": "https://registry.npmjs.org/chalk/-/chalk-5.3.0.tgz",
      "integrity": "sha512-dLitG79d+GV1Nb/VYcCDFivJeK1hiukt9QjRNVOsUtTy1rR1YJsmpGGTZ3qJos+uw7WmWF4wUwBd9jxjocFC2w=="
    },
    "diff": {
      "version": "5.0.0",
      "resolved": "https://registry.npmjs.org/diff/-/diff-5.0.0.tgz",
      "integrity": "sha512-/VTCrvm5Z0JGty/BWHljh+BAiw3IK+2j87NGMu8Nwc/f48WoDAC395uomO9ZD117ZOBaHmkX1oyLvkVM/aIT3w=="
    },
    "loglevel": {
      "version": "1.9.1",
      "resolved": "https://registry.npmjs.org/loglevel/-/loglevel-1.9.1.tgz",
      "integrity": "sha512-hP3I3kCrDIMuRwAwHltphhDM1r8i55H33GgqjXbrisuJhF4kRhW1dNuxsRklp4bXl8DSdLaNLuiL4A/LWRfxvg=="
    },
    "loglevel-plugin-prefix": {
      "version": "0.8.4",
      "resolved": "https://registry.npmjs.org/loglevel-plugin-prefix/-/loglevel-plugin-prefix-0.8.4.tgz",
      "integrity": "sha512-WpG9CcFAOjz/FtNht+QJeGpvVl/cdR6P0z6OcXSkr8wFJOsV2GRj2j10JLfjuA4aYkcKCNIEqRGCyTife9R8/g=="
    },
    "object-inspect": {
      "version": "1.13.1",
      "resolved": "https://registry.npmjs.org/object-inspect/-/object-inspect-1.13.1.tgz",
      "integrity": "sha512-5qoj1RUiKOMsCCNLV1CBiPYE10sziTsnmNxkAI/rZhiD63CF7IqdFGC/XzjWjpSgLf0LxXX3bDFIh0E18f6UhQ=="
    },
    "strip-ansi": {
      "version": "7.1.0",
      "resolved": "https://registry.npmjs.org/strip-ansi/-/strip-ansi-7.1.0.tgz",
      "integrity": "sha512-iq6eVVI64nQQTRYq2KtEg2d2uU7LElhTJwsH4YzIHZshxlgZms/wIc4VoDQTlG/IvVIrBKG06CrZnp0qv7hkcQ==",
      "requires": {
        "ansi-regex": "^6.0.1"
      }
    },
    "typescript": {
      "version": "4.6.3",
      "resolved": "https://registry.npmjs.org/typescript/-/typescript-4.6.3.tgz",
      "integrity": "sha512-yNIatDa5iaofVozS/uQJEl3JRWLKKGJKh6Yaiv0GLGSuhpFJe7P3SbHZ8/yjAHRQwKRoA6YZqlfjXWmVzoVSMw==",
      "dev": true
    },
    "undici-types": {
      "version": "5.26.5",
      "resolved": "https://registry.npmjs.org/undici-types/-/undici-types-5.26.5.tgz",
      "integrity": "sha512-JlCMO+ehdEIKqlFxk6IfVoAUVmgz7cU7zD/h9XZ0qzeosSHmUJVOzSQvvYSYWXkFXC+IfLKSIffhv0sVZup6pA=="
    }
  }
}
